
Microsoft Visual Studio Solution File, Format Version 12.00
# Visual Studio Version 17
VisualStudioVersion = 17.9.34723.18
MinimumVisualStudioVersion = 10.0.40219.1
Project("{8BC9CEB8-8B4A-11D0-8D11-00A0C91BC942}") = "240412", "240412\240412.vcxproj", "{BA467EB7-1BDD-4137-B86A-29BE3DEC6E8F}"
EndProject
Global
	GlobalSection(SolutionConfigurationPlatforms) = preSolution
		Debug|x64 = Debug|x64
		Debug|x86 = Debug|x86
		Release|x64 = Release|x64
		Release|x86 = Release|x86
	EndGlobalSection
	GlobalSection(ProjectConfigurationPlatforms) = postSolution
		{BA467EB7-1BDD-4137-B86A-29BE3DEC6E8F}.Debug|x64.ActiveCfg = Debug|x64
		{BA467EB7-1BDD-4137-B86A-29BE3DEC6E8F}.Debug|x64.Build.0 = Debug|x64
		{BA467EB7-1BDD-4137-B86A-29BE3DEC6E8F}.Debug|x86.ActiveCfg = Debug|Win32
		{BA467EB7-1BDD-4137-B86A-29BE3DEC6E8F}.Debug|x86.Build.0 = Debug|Win32
		{BA467EB7-1BDD-4137-B86A-29BE3DEC6E8F}.Release|x64.ActiveCfg = Release|x64
		{BA467EB7-1BDD-4137-B86A-29BE3DEC6E8F}.Release|x64.Build.0 = Release|x64
		{BA467EB7-1BDD-4137-B86A-29BE3DEC6E8F}.Release|x86.ActiveCfg = Release|Win32
		{BA467EB7-1BDD-4137-B86A-29BE3DEC6E8F}.Release|x86.Build.0 = Release|Win32
	EndGlobalSection
	GlobalSection(SolutionProperties) = preSolution
		HideSolutionNode = FALSE
	EndGlobalSection
	GlobalSection(ExtensibilityGlobals) = postSolution
		SolutionGuid = {07D72A8D-4951-4B1B-89DB-E9E80ECC72E2}
	EndGlobalSection
EndGlobal
